
Microsoft Visual Studio Solution File, Format Version 12.00
# Visual Studio Version 17
VisualStudioVersion = 17.3.32901.215
MinimumVisualStudioVersion = 10.0.40219.1
Project("{8BC9CEB8-8B4A-11D0-8D11-00A0C91BC942}") = "lab2", "lab2\lab2.vcxproj", "{A81B5867-DFFC-4425-939D-E1F87D14DA7B}"
EndProject
Global
	GlobalSection(SolutionConfigurationPlatforms) = preSolution
		Debug|x64 = Debug|x64
		Debug|x86 = Debug|x86
		Release|x64 = Release|x64
		Release|x86 = Release|x86
	EndGlobalSection
	GlobalSection(ProjectConfigurationPlatforms) = postSolution
		{A81B5867-DFFC-4425-939D-E1F87D14DA7B}.Debug|x64.ActiveCfg = Debug|x64
		{A81B5867-DFFC-4425-939D-E1F87D14DA7B}.Debug|x64.Build.0 = Debug|x64
		{A81B5867-DFFC-4425-939D-E1F87D14DA7B}.Debug|x86.ActiveCfg = Debug|Win32
		{A81B5867-DFFC-4425-939D-E1F87D14DA7B}.Debug|x86.Build.0 = Debug|Win32
		{A81B5867-DFFC-4425-939D-E1F87D14DA7B}.Release|x64.ActiveCfg = Release|x64
		{A81B5867-DFFC-4425-939D-E1F87D14DA7B}.Release|x64.Build.0 = Release|x64
		{A81B5867-DFFC-4425-939D-E1F87D14DA7B}.Release|x86.ActiveCfg = Release|Win32
		{A81B5867-DFFC-4425-939D-E1F87D14DA7B}.Release|x86.Build.0 = Release|Win32
	EndGlobalSection
	GlobalSection(SolutionProperties) = preSolution
		HideSolutionNode = FALSE
	EndGlobalSection
	GlobalSection(ExtensibilityGlobals) = postSolution
		SolutionGuid = {C4AA2F79-4D97-4926-A627-87B0DA488A09}
	EndGlobalSection
EndGlobal
